Microsoft Visual Studio Solution File, Format Version 12.00
# Visual Studio Version 17
VisualStudioVersion = 17.5.2.0
MinimumVisualStudioVersion = 10.0.40219.1
Project("{FAE04EC0-301F-11D3-BF4B-00C04F79EFBC}") = "viduC4Razor", "viduC4Razor.csproj", "{672BAD36-4797-8513-C627-8382C001D197}"
EndProject
Global
	GlobalSection(SolutionConfigurationPlatforms) = preSolution
		Debug|Any CPU = Debug|Any CPU
		Release|Any CPU = Release|Any CPU
	EndGlobalSection
	GlobalSection(ProjectConfigurationPlatforms) = postSolution
		{672BAD36-4797-8513-C627-8382C001D197}.Debug|Any CPU.ActiveCfg = Debug|Any CPU
		{672BAD36-4797-8513-C627-8382C001D197}.Debug|Any CPU.Build.0 = Debug|Any CPU
		{672BAD36-4797-8513-C627-8382C001D197}.Release|Any CPU.ActiveCfg = Release|Any CPU
		{672BAD36-4797-8513-C627-8382C001D197}.Release|Any CPU.Build.0 = Release|Any CPU
	EndGlobalSection
	GlobalSection(SolutionProperties) = preSolution
		HideSolutionNode = FALSE
	EndGlobalSection
	GlobalSection(ExtensibilityGlobals) = postSolution
		SolutionGuid = {3A5CB5DC-B6B7-43EA-A0B2-AA227A5779E9}
	EndGlobalSection
EndGlobal
